
Microsoft Visual Studio Solution File, Format Version 12.00
# Visual Studio 14
VisualStudioVersion = 14.0.23107.0
MinimumVisualStudioVersion = 10.0.40219.1
Project("{FAE04EC0-301F-11D3-BF4B-00C04F79EFBC}") = "WcfClients", "WcfClients\WcfClients.csproj", "{BF758221-C709-44A5-9601-8C24D64EFE20}"
EndProject
Project("{FAE04EC0-301F-11D3-BF4B-00C04F79EFBC}") = "WcfListeners", "WcfListeners\WcfListeners.csproj", "{6411E1B0-4BBB-4233-90F8-833E8DA6A126}"
EndProject
Project("{2150E333-8FDC-42A3-9474-1A3956D46DE8}") = ".nuget", ".nuget", "{C0CAC32C-8A37-44AF-B751-AFF14D32889D}"
	ProjectSection(SolutionItems) = preProject
		.nuget\nuget.exe = .nuget\nuget.exe
	EndProjectSection
EndProject
Project("{FAE04EC0-301F-11D3-BF4B-00C04F79EFBC}") = "Utilitiesx64", "Utilitiesx64\Utilitiesx64.csproj", "{C6874224-3883-4AC9-923C-14BCF39E087A}"
EndProject
Project("{FAE04EC0-301F-11D3-BF4B-00C04F79EFBC}") = "Utilities", "Utilities\Utilities.csproj", "{24A2F050-FB38-4BC6-8D88-D46A25C27951}"
EndProject
Global
	GlobalSection(SolutionConfigurationPlatforms) = preSolution
		Debug|Any CPU = Debug|Any CPU
		Debug|x64 = Debug|x64
		Release|Any CPU = Release|Any CPU
		Release|x64 = Release|x64
	EndGlobalSection
	GlobalSection(ProjectConfigurationPlatforms) = postSolution
		{BF758221-C709-44A5-9601-8C24D64EFE20}.Debug|Any CPU.ActiveCfg = Debug|Any CPU
		{BF758221-C709-44A5-9601-8C24D64EFE20}.Debug|Any CPU.Build.0 = Debug|Any CPU
		{BF758221-C709-44A5-9601-8C24D64EFE20}.Debug|x64.ActiveCfg = Debug|Any CPU
		{BF758221-C709-44A5-9601-8C24D64EFE20}.Debug|x64.Build.0 = Debug|Any CPU
		{BF758221-C709-44A5-9601-8C24D64EFE20}.Release|Any CPU.ActiveCfg = Release|Any CPU
		{BF758221-C709-44A5-9601-8C24D64EFE20}.Release|Any CPU.Build.0 = Release|Any CPU
		{BF758221-C709-44A5-9601-8C24D64EFE20}.Release|x64.ActiveCfg = Release|Any CPU
		{BF758221-C709-44A5-9601-8C24D64EFE20}.Release|x64.Build.0 = Release|Any CPU
		{6411E1B0-4BBB-4233-90F8-833E8DA6A126}.Debug|Any CPU.ActiveCfg = Debug|x64
		{6411E1B0-4BBB-4233-90F8-833E8DA6A126}.Debug|x64.ActiveCfg = Debug|x64
		{6411E1B0-4BBB-4233-90F8-833E8DA6A126}.Debug|x64.Build.0 = Debug|x64
		{6411E1B0-4BBB-4233-90F8-833E8DA6A126}.Release|Any CPU.ActiveCfg = Release|x64
		{6411E1B0-4BBB-4233-90F8-833E8DA6A126}.Release|x64.ActiveCfg = Release|x64
		{6411E1B0-4BBB-4233-90F8-833E8DA6A126}.Release|x64.Build.0 = Release|x64
		{C6874224-3883-4AC9-923C-14BCF39E087A}.Debug|Any CPU.ActiveCfg = Debug|x64
		{C6874224-3883-4AC9-923C-14BCF39E087A}.Debug|x64.ActiveCfg = Debug|x64
		{C6874224-3883-4AC9-923C-14BCF39E087A}.Debug|x64.Build.0 = Debug|x64
		{C6874224-3883-4AC9-923C-14BCF39E087A}.Release|Any CPU.ActiveCfg = Release|x64
		{C6874224-3883-4AC9-923C-14BCF39E087A}.Release|x64.ActiveCfg = Release|x64
		{C6874224-3883-4AC9-923C-14BCF39E087A}.Release|x64.Build.0 = Release|x64
		{24A2F050-FB38-4BC6-8D88-D46A25C27951}.Debug|Any CPU.ActiveCfg = Debug|Any CPU
		{24A2F050-FB38-4BC6-8D88-D46A25C27951}.Debug|Any CPU.Build.0 = Debug|Any CPU
		{24A2F050-FB38-4BC6-8D88-D46A25C27951}.Debug|x64.ActiveCfg = Debug|Any CPU
		{24A2F050-FB38-4BC6-8D88-D46A25C27951}.Debug|x64.Build.0 = Debug|Any CPU
		{24A2F050-FB38-4BC6-8D88-D46A25C27951}.Release|Any CPU.ActiveCfg = Release|Any CPU
		{24A2F050-FB38-4BC6-8D88-D46A25C27951}.Release|Any CPU.Build.0 = Release|Any CPU
		{24A2F050-FB38-4BC6-8D88-D46A25C27951}.Release|x64.ActiveCfg = Release|Any CPU
		{24A2F050-FB38-4BC6-8D88-D46A25C27951}.Release|x64.Build.0 = Release|Any CPU
	EndGlobalSection
	GlobalSection(SolutionProperties) = preSolution
		HideSolutionNode = FALSE
	EndGlobalSection
EndGlobal
